
Microsoft Visual Studio Solution File, Format Version 12.00
# Visual Studio Version 16
VisualStudioVersion = 16.0.31424.327
MinimumVisualStudioVersion = 10.0.40219.1
Project("{9A19103F-16F7-4668-BE54-9A1E7A4F7556}") = "ConsoleApp1", "ConsoleApp1\ConsoleApp1.csproj", "{89F9DC71-4583-4ED6-9B96-176B212451C8}"
EndProject
Project("{9A19103F-16F7-4668-BE54-9A1E7A4F7556}") = "Models", "Models\Models.csproj", "{5E38AFA2-0F71-4873-BFC9-F59CE42F9D51}"
EndProject
Project("{9A19103F-16F7-4668-BE54-9A1E7A4F7556}") = "LinkedList", "LinkedList\LinkedList.csproj", "{F5C30ED2-70FE-419D-9287-2F8A492D7617}"
EndProject
Project("{9A19103F-16F7-4668-BE54-9A1E7A4F7556}") = "CurrencyExchangeUnitTests", "CurrencyExchangeUnitTests\CurrencyExchangeUnitTests.csproj", "{CEAE0E0A-CCD8-4F69-9E25-31FC61A8E042}"
EndProject
Project("{9A19103F-16F7-4668-BE54-9A1E7A4F7556}") = "Services", "Services\Services.csproj", "{018C30EA-9A05-4A2B-B479-2BBE1B4962CD}"
EndProject
Global
	GlobalSection(SolutionConfigurationPlatforms) = preSolution
		Debug|Any CPU = Debug|Any CPU
		Release|Any CPU = Release|Any CPU
	EndGlobalSection
	GlobalSection(ProjectConfigurationPlatforms) = postSolution
		{89F9DC71-4583-4ED6-9B96-176B212451C8}.Debug|Any CPU.ActiveCfg = Debug|Any CPU
		{89F9DC71-4583-4ED6-9B96-176B212451C8}.Debug|Any CPU.Build.0 = Debug|Any CPU
		{89F9DC71-4583-4ED6-9B96-176B212451C8}.Release|Any CPU.ActiveCfg = Release|Any CPU
		{89F9DC71-4583-4ED6-9B96-176B212451C8}.Release|Any CPU.Build.0 = Release|Any CPU
		{5E38AFA2-0F71-4873-BFC9-F59CE42F9D51}.Debug|Any CPU.ActiveCfg = Debug|Any CPU
		{5E38AFA2-0F71-4873-BFC9-F59CE42F9D51}.Debug|Any CPU.Build.0 = Debug|Any CPU
		{5E38AFA2-0F71-4873-BFC9-F59CE42F9D51}.Release|Any CPU.ActiveCfg = Release|Any CPU
		{5E38AFA2-0F71-4873-BFC9-F59CE42F9D51}.Release|Any CPU.Build.0 = Release|Any CPU
		{F5C30ED2-70FE-419D-9287-2F8A492D7617}.Debug|Any CPU.ActiveCfg = Debug|Any CPU
		{F5C30ED2-70FE-419D-9287-2F8A492D7617}.Debug|Any CPU.Build.0 = Debug|Any CPU
		{F5C30ED2-70FE-419D-9287-2F8A492D7617}.Release|Any CPU.ActiveCfg = Release|Any CPU
		{F5C30ED2-70FE-419D-9287-2F8A492D7617}.Release|Any CPU.Build.0 = Release|Any CPU
		{CEAE0E0A-CCD8-4F69-9E25-31FC61A8E042}.Debug|Any CPU.ActiveCfg = Debug|Any CPU
		{CEAE0E0A-CCD8-4F69-9E25-31FC61A8E042}.Debug|Any CPU.Build.0 = Debug|Any CPU
		{CEAE0E0A-CCD8-4F69-9E25-31FC61A8E042}.Release|Any CPU.ActiveCfg = Release|Any CPU
		{CEAE0E0A-CCD8-4F69-9E25-31FC61A8E042}.Release|Any CPU.Build.0 = Release|Any CPU
		{018C30EA-9A05-4A2B-B479-2BBE1B4962CD}.Debug|Any CPU.ActiveCfg = Debug|Any CPU
		{018C30EA-9A05-4A2B-B479-2BBE1B4962CD}.Debug|Any CPU.Build.0 = Debug|Any CPU
		{018C30EA-9A05-4A2B-B479-2BBE1B4962CD}.Release|Any CPU.ActiveCfg = Release|Any CPU
		{018C30EA-9A05-4A2B-B479-2BBE1B4962CD}.Release|Any CPU.Build.0 = Release|Any CPU
	EndGlobalSection
	GlobalSection(SolutionProperties) = preSolution
		HideSolutionNode = FALSE
	EndGlobalSection
	GlobalSection(ExtensibilityGlobals) = postSolution
		SolutionGuid = {AA3456E2-BFDB-4C5E-9BA3-25780D3054E7}
	EndGlobalSection
EndGlobal
